
Microsoft Visual Studio Solution File, Format Version 12.00
# Visual Studio Version 17
VisualStudioVersion = 17.3.32901.215
MinimumVisualStudioVersion = 10.0.40219.1
Project("{FAE04EC0-301F-11D3-BF4B-00C04F79EFBC}") = "Exercicio_POO_04_Funcionario", "Exercicio_POO_04_Funcionario.csproj", "{46218F9B-8663-4281-80FB-939FB490449C}"
EndProject
Global
	GlobalSection(SolutionConfigurationPlatforms) = preSolution
		Debug|Any CPU = Debug|Any CPU
		Release|Any CPU = Release|Any CPU
	EndGlobalSection
	GlobalSection(ProjectConfigurationPlatforms) = postSolution
		{46218F9B-8663-4281-80FB-939FB490449C}.Debug|Any CPU.ActiveCfg = Debug|Any CPU
		{46218F9B-8663-4281-80FB-939FB490449C}.Debug|Any CPU.Build.0 = Debug|Any CPU
		{46218F9B-8663-4281-80FB-939FB490449C}.Release|Any CPU.ActiveCfg = Release|Any CPU
		{46218F9B-8663-4281-80FB-939FB490449C}.Release|Any CPU.Build.0 = Release|Any CPU
	EndGlobalSection
	GlobalSection(SolutionProperties) = preSolution
		HideSolutionNode = FALSE
	EndGlobalSection
	GlobalSection(ExtensibilityGlobals) = postSolution
		SolutionGuid = {909E94F9-3E53-44D9-9351-C3AAF05C78F8}
	EndGlobalSection
EndGlobal
